
Microsoft Visual Studio Solution File, Format Version 12.00
# Visual Studio Version 17
VisualStudioVersion = 17.11.35327.3
MinimumVisualStudioVersion = 10.0.40219.1
Project("{9A19103F-16F7-4668-BE54-9A1E7A4F7556}") = "PresentationLayer", "PresentationLayer.csproj", "{8B17701A-D45E-47E1-8A61-C76006570A3A}"
EndProject
Project("{FAE04EC0-301F-11D3-BF4B-00C04F79EFBC}") = "BusinessLayer", "..\BusinessLayer\BusinessLayer.csproj", "{1CE1C79E-628C-4658-BE10-EB82C99F6F9F}"
EndProject
Project("{FAE04EC0-301F-11D3-BF4B-00C04F79EFBC}") = "DataAccessLayer", "..\DataAccessLayer\DataAccessLayer.csproj", "{03B78BC1-84FB-4A5A-B2A3-7F45088A1AA0}"
EndProject
Global
	GlobalSection(SolutionConfigurationPlatforms) = preSolution
		Debug|Any CPU = Debug|Any CPU
		Release|Any CPU = Release|Any CPU
	EndGlobalSection
	GlobalSection(ProjectConfigurationPlatforms) = postSolution
		{8B17701A-D45E-47E1-8A61-C76006570A3A}.Debug|Any CPU.ActiveCfg = Debug|Any CPU
		{8B17701A-D45E-47E1-8A61-C76006570A3A}.Debug|Any CPU.Build.0 = Debug|Any CPU
		{8B17701A-D45E-47E1-8A61-C76006570A3A}.Release|Any CPU.ActiveCfg = Release|Any CPU
		{8B17701A-D45E-47E1-8A61-C76006570A3A}.Release|Any CPU.Build.0 = Release|Any CPU
		{1CE1C79E-628C-4658-BE10-EB82C99F6F9F}.Debug|Any CPU.ActiveCfg = Debug|Any CPU
		{1CE1C79E-628C-4658-BE10-EB82C99F6F9F}.Debug|Any CPU.Build.0 = Debug|Any CPU
		{1CE1C79E-628C-4658-BE10-EB82C99F6F9F}.Release|Any CPU.ActiveCfg = Release|Any CPU
		{1CE1C79E-628C-4658-BE10-EB82C99F6F9F}.Release|Any CPU.Build.0 = Release|Any CPU
		{03B78BC1-84FB-4A5A-B2A3-7F45088A1AA0}.Debug|Any CPU.ActiveCfg = Debug|Any CPU
		{03B78BC1-84FB-4A5A-B2A3-7F45088A1AA0}.Debug|Any CPU.Build.0 = Debug|Any CPU
		{03B78BC1-84FB-4A5A-B2A3-7F45088A1AA0}.Release|Any CPU.ActiveCfg = Release|Any CPU
		{03B78BC1-84FB-4A5A-B2A3-7F45088A1AA0}.Release|Any CPU.Build.0 = Release|Any CPU
	EndGlobalSection
	GlobalSection(SolutionProperties) = preSolution
		HideSolutionNode = FALSE
	EndGlobalSection
	GlobalSection(ExtensibilityGlobals) = postSolution
		SolutionGuid = {73A90C26-22FB-4A5E-B6E5-9AC03280B62A}
	EndGlobalSection
EndGlobal
